# This file was autogenerated by Stack.
# You should not edit this file by hand.
# For more information, please see the documentation at:
#   https://docs.haskellstack.org/en/stable/lock_files

packages:
- completed:
    hackage: array-0.5.7.0@sha256:5eff64c532452d620ef4744897f8e39d68c09c61e56e7377eca840a579fcd26e,1588
    pantry-tree:
      sha256: ce281deb9fdd7df810187649fb96baf2a8284d7c4ef0cd7bf60dc5e78a72533a
      size: 1135
  original:
    hackage: array-0.5.7.0
- completed:
    hackage: split-0.2.3.4@sha256:a6df9c3e806ee7cb50bc980a183fc1156f35022a39430dabac0bf9456fe18a4b,2647
    pantry-tree:
      sha256: 4e7559f1be32a70cdbdb96d14db768561dd36b8fdff36b3ffac94751f5b5ae6d
      size: 439
  original:
    hackage: split-0.2.3.4
- completed:
    hackage: containers-0.7@sha256:e9b5fdcc609159410d408c47e0be13663bb0b4a42a5183b52aa0ac9c99e1dfec,2668
    pantry-tree:
      sha256: 265b0a6110df990b5f9f04d21856333ed5ed66f37a4b0a0215901d831f69629b
      size: 2954
  original:
    hackage: containers-0.7@sha256:e9b5fdcc609159410d408c47e0be13663bb0b4a42a5183b52aa0ac9c99e1dfec,2668
- completed:
    hackage: directory-1.3.9.0@sha256:ae73d4c39d18842f57d48649f4583347823ef7b1bc0bde786ca39141f7fd8c87,3167
    pantry-tree:
      sha256: e8710b17eaf370c5ca0b650b37a2a2a0756af019043024a1442c078155a3ec9b
      size: 3386
  original:
    hackage: directory-1.3.9.0@sha256:ae73d4c39d18842f57d48649f4583347823ef7b1bc0bde786ca39141f7fd8c87,3167
- completed:
    hackage: filepath-1.4.300.2@sha256:345cbb1afe414a09e47737e4d14cbd51891a734e67c0ef3d77a1439518bb81e8,5900
    pantry-tree:
      sha256: 2420f7addc917bf41970a8980f52abe431b1a0fb711b00795effbb289c8ea76c
      size: 3998
  original:
    hackage: filepath-1.4.300.2@sha256:345cbb1afe414a09e47737e4d14cbd51891a734e67c0ef3d77a1439518bb81e8,5900
- completed:
    hackage: unix-2.8.5.1@sha256:3f702a252a313a7bcb56e3908a14e7f9f1b40e41b7bdc8ae8a9605a1a8686f06,9808
    pantry-tree:
      sha256: b961320db69795a16c4ef4eebb0a3e7ddbbbe506fa1e22dde95ee8d8501bfbe5
      size: 5821
  original:
    hackage: unix-2.8.5.1@sha256:3f702a252a313a7bcb56e3908a14e7f9f1b40e41b7bdc8ae8a9605a1a8686f06,9808
- completed:
    hackage: exceptions-0.10.9@sha256:6dc51893a998ee0db63852ccf7f47c04b5166a902086dc7ead1c9656c20245b4,2143
    pantry-tree:
      sha256: bf2c3cc7b523681a5d89323889002e08157c44d7127883ac89c8dfd24195bd95
      size: 738
  original:
    hackage: exceptions-0.10.9@sha256:6dc51893a998ee0db63852ccf7f47c04b5166a902086dc7ead1c9656c20245b4,2143
- completed:
    hackage: stm-2.5.3.1@sha256:b93121e5fb0939cb7120322763079b425bab097e049abb35580ecb6ab6abccbe,2356
    pantry-tree:
      sha256: 7065b7b2d3dd010a394cc6aff541d6c006398182efc77b77a4764261f30422ab
      size: 1392
  original:
    hackage: stm-2.5.3.1@sha256:b93121e5fb0939cb7120322763079b425bab097e049abb35580ecb6ab6abccbe,2356
snapshots:
- completed:
    sha256: d133abe75e408a407cce3f032c96ac1bbadf474a93b5156ebf4135b53382d56b
    size: 683827
    url: https://raw.githubusercontent.com/commercialhaskell/stackage-snapshots/master/lts/23/18.yaml
  original:
    url: https://raw.githubusercontent.com/commercialhaskell/stackage-snapshots/master/lts/23/18.yaml
